
Microsoft Visual Studio Solution File, Format Version 12.00
# Visual Studio Version 17
VisualStudioVersion = 17.6.33829.357
MinimumVisualStudioVersion = 10.0.40219.1
Project("{FAE04EC0-301F-11D3-BF4B-00C04F79EFBC}") = "FinalProject", "FinalProject\FinalProject.csproj", "{0C9FBFC9-F82D-40FA-82E6-B0D821726AEE}"
EndProject
Global
	GlobalSection(SolutionConfigurationPlatforms) = preSolution
		Debug|Any CPU = Debug|Any CPU
		Release|Any CPU = Release|Any CPU
	EndGlobalSection
	GlobalSection(ProjectConfigurationPlatforms) = postSolution
		{0C9FBFC9-F82D-40FA-82E6-B0D821726AEE}.Debug|Any CPU.ActiveCfg = Debug|Any CPU
		{0C9FBFC9-F82D-40FA-82E6-B0D821726AEE}.Debug|Any CPU.Build.0 = Debug|Any CPU
		{0C9FBFC9-F82D-40FA-82E6-B0D821726AEE}.Release|Any CPU.ActiveCfg = Release|Any CPU
		{0C9FBFC9-F82D-40FA-82E6-B0D821726AEE}.Release|Any CPU.Build.0 = Release|Any CPU
	EndGlobalSection
	GlobalSection(SolutionProperties) = preSolution
		HideSolutionNode = FALSE
	EndGlobalSection
	GlobalSection(ExtensibilityGlobals) = postSolution
		SolutionGuid = {A613B5C1-3810-4A1C-AEF4-2E326B623E75}
	EndGlobalSection
EndGlobal
